{
  "name": "node-simple",
  "version": "1.0.0",
  "lockfileVersion": 3,
  "requires": true,
  "packages": {
    "": {
      "name": "node-simple",
      "version": "1.0.0",
      "dependencies": {
        "lodash": "4.17.21",
        "zod": "4.3.6"
      }
    },
    "node_modules/lodash": {
      "version": "4.17.21",
      "license": "MIT"
    },
    "node_modules/zod": {
      "version": "4.3.6",
      "license": "MIT"
    }
  }
}
